{
  "name": "mymodule",
  "version": "0.0.1",
  "lockfileVersion": 1,
  "requires": true,
  "dependencies": {
    "@types/crypto-js": {
      "version": "3.1.39",
      "resolved": "https://registry.npmjs.org/@types/crypto-js/-/crypto-js-3.1.39.tgz",
      "integrity": "sha512-LNPf60hAYUnjqeUwWxFrJwjPwOFIwQNy/xdVRQMWnsly38M23lLjhG3osdAJQ74jOplIUCjOhibpqOos0l0FHA=="
    }
  }
}
